// !$*UTF8*$!
{
	archiveVersion = 1;
	classes = {
	};
	objectVersion = 56;
	objects = {

/* Begin PBXBuildFile section */
		863C0DBF2CCE13EB0014D531 /* searchlyApp.swift in Sources */ = {isa = PBXBuildFile; fileRef = 863C0DBE2CCE13EB0014D531 /* searchlyApp.swift */; };
		863C0DC12CCE13EB0014D531 /* ContentView.swift in Sources */ = {isa = PBXBuildFile; fileRef = 863C0DC02CCE13EB0014D531 /* ContentView.swift */; };
		863C0DC32CCE13EC0014D531 /* Assets.xcassets in Resources */ = {isa = PBXBuildFile; fileRef = 863C0DC22CCE13EC0014D531 /* Assets.xcassets */; };
		863C0DC62CCE13EC0014D531 /* Preview Assets.xcassets in Resources */ = {isa = PBXBuildFile; fileRef = 863C0DC52CCE13EC0014D531 /* Preview Assets.xcassets */; };
		863C0DD02CCE13EC0014D531 /* searchlyTests.swift in Sources */ = {isa = PBXBuildFile; fileRef = 863C0DCF2CCE13EC0014D531 /* searchlyTests.swift */; };
		863C0DDA2CCE13EC0014D531 /* searchlyUITests.swift in Sources */ = {isa = PBXBuildFile; fileRef = 863C0DD92CCE13EC0014D531 /* searchlyUITests.swift */; };
		863C0DDC2CCE13EC0014D531 /* searchlyUITestsLaunchTests.swift in Sources */ = {isa = PBXBuildFile; fileRef = 863C0DDB2CCE13EC0014D531 /* searchlyUITestsLaunchTests.swift */; };
		863C0DED2CCE188A0014D531 /* Splash View.swift in Sources */ = {isa = PBXBuildFile; fileRef = 863C0DEC2CCE188A0014D531 /* Splash View.swift */; };
		863C0DEF2CCE18B10014D531 /* onboarding.swift in Sources */ = {isa = PBXBuildFile; fileRef = 863C0DEE2CCE18B10014D531 /* onboarding.swift */; };
		863C0DF12CCE18C80014D531 /* Login or Signup.swift in Sources */ = {isa = PBXBuildFile; fileRef = 863C0DF02CCE18C80014D531 /* Login or Signup.swift */; };
		863C0DF32CCE18DD0014D531 /* Login Via Email.swift in Sources */ = {isa = PBXBuildFile; fileRef = 863C0DF22CCE18DD0014D531 /* Login Via Email.swift */; };
		863C0DF52CCE18F50014D531 /* Signup Via Email.swift in Sources */ = {isa = PBXBuildFile; fileRef = 863C0DF42CCE18F50014D531 /* Signup Via Email.swift */; };
		863C0DF72CCE190F0014D531 /* Forgot Password Step 1.swift in Sources */ = {isa = PBXBuildFile; fileRef = 863C0DF62CCE190F0014D531 /* Forgot Password Step 1.swift */; };
		863C0DF92CCE19190014D531 /* Forgot Password Step 2.swift in Sources */ = {isa = PBXBuildFile; fileRef = 863C0DF82CCE19190014D531 /* Forgot Password Step 2.swift */; };
		863C0DFB2CCE19280014D531 /* Forgot Password Step 3.swift in Sources */ = {isa = PBXBuildFile; fileRef = 863C0DFA2CCE19280014D531 /* Forgot Password Step 3.swift */; };
		863C0DFD2CCE19320014D531 /* Forgot Password Step 4.swift in Sources */ = {isa = PBXBuildFile; fileRef = 863C0DFC2CCE19320014D531 /* Forgot Password Step 4.swift */; };
		863C0DFF2CCE193F0014D531 /* Forgot Password Step 5.swift in Sources */ = {isa = PBXBuildFile; fileRef = 863C0DFE2CCE193F0014D531 /* Forgot Password Step 5.swift */; };
		863C0E012CCE19560014D531 /* Home.swift in Sources */ = {isa = PBXBuildFile; fileRef = 863C0E002CCE19560014D531 /* Home.swift */; };
		863C0E032CCE19740014D531 /* Product Page.swift in Sources */ = {isa = PBXBuildFile; fileRef = 863C0E022CCE19740014D531 /* Product Page.swift */; };
		863C0E052CCE19870014D531 /* Settings.swift in Sources */ = {isa = PBXBuildFile; fileRef = 863C0E042CCE19870014D531 /* Settings.swift */; };
		863C0E072CCE199F0014D531 /* Seller Profile.swift in Sources */ = {isa = PBXBuildFile; fileRef = 863C0E062CCE199F0014D531 /* Seller Profile.swift */; };
		863C0E092CCE19BF0014D531 /* Notifications.swift in Sources */ = {isa = PBXBuildFile; fileRef = 863C0E082CCE19BF0014D531 /* Notifications.swift */; };
		863C0E0B2CCE19D30014D531 /* Customer Profile.swift in Sources */ = {isa = PBXBuildFile; fileRef = 863C0E0A2CCE19D30014D531 /* Customer Profile.swift */; };
		863C0E0D2CCE19E20014D531 /* Wishlist.swift in Sources */ = {isa = PBXBuildFile; fileRef = 863C0E0C2CCE19E20014D531 /* Wishlist.swift */; };
/* End PBXBuildFile section */

/* Begin PBXContainerItemProxy section */
		863C0DCC2CCE13EC0014D531 /* PBXContainerItemProxy */ = {
			isa = PBXContainerItemProxy;
			containerPortal = 863C0DB32CCE13EB0014D531 /* Project object */;
			proxyType = 1;
			remoteGlobalIDString = 863C0DBA2CCE13EB0014D531;
			remoteInfo = searchly;
		};
		863C0DD62CCE13EC0014D531 /* PBXContainerItemProxy */ = {
			isa = PBXContainerItemProxy;
			containerPortal = 863C0DB32CCE13EB0014D531 /* Project object */;
			proxyType = 1;
			remoteGlobalIDString = 863C0DBA2CCE13EB0014D531;
			remoteInfo = searchly;
		};
/* End PBXContainerItemProxy section */

/* Begin PBXFileReference section */
		863C0DBB2CCE13EB0014D531 /* searchly.app */ = {isa = PBXFileReference; explicitFileType = wrapper.application; includeInIndex = 0; path = searchly.app; sourceTree = BUILT_PRODUCTS_DIR; };
		863C0DBE2CCE13EB0014D531 /* searchlyApp.swift */ = {isa = PBXFileReference; lastKnownFileType = sourcecode.swift; path = searchlyApp.swift; sourceTree = "<group>"; };
		863C0DC02CCE13EB0014D531 /* ContentView.swift */ = {isa = PBXFileReference; lastKnownFileType = sourcecode.swift; path = ContentView.swift; sourceTree = "<group>"; };
		863C0DC22CCE13EC0014D531 /* Assets.xcassets */ = {isa = PBXFileReference; lastKnownFileType = folder.assetcatalog; path = Assets.xcassets; sourceTree = "<group>"; };
		863C0DC52CCE13EC0014D531 /* Preview Assets.xcassets */ = {isa = PBXFileReference; lastKnownFileType = folder.assetcatalog; path = "Preview Assets.xcassets"; sourceTree = "<group>"; };
		863C0DCB2CCE13EC0014D531 /* searchlyTests.xctest */ = {isa = PBXFileReference; explicitFileType = wrapper.cfbundle; includeInIndex = 0; path = searchlyTests.xctest; sourceTree = BUILT_PRODUCTS_DIR; };
		863C0DCF2CCE13EC0014D531 /* searchlyTests.swift */ = {isa = PBXFileReference; lastKnownFileType = sourcecode.swift; path = searchlyTests.swift; sourceTree = "<group>"; };
		863C0DD52CCE13EC0014D531 /* searchlyUITests.xctest */ = {isa = PBXFileReference; explicitFileType = wrapper.cfbundle; includeInIndex = 0; path = searchlyUITests.xctest; sourceTree = BUILT_PRODUCTS_DIR; };
		863C0DD92CCE13EC0014D531 /* searchlyUITests.swift */ = {isa = PBXFileReference; lastKnownFileType = sourcecode.swift; path = searchlyUITests.swift; sourceTree = "<group>"; };
		863C0DDB2CCE13EC0014D531 /* searchlyUITestsLaunchTests.swift */ = {isa = PBXFileReference; lastKnownFileType = sourcecode.swift; path = searchlyUITestsLaunchTests.swift; sourceTree = "<group>"; };
		863C0DEC2CCE188A0014D531 /* Splash View.swift */ = {isa = PBXFileReference; lastKnownFileType = sourcecode.swift; path = "Splash View.swift"; sourceTree = "<group>"; };
		863C0DEE2CCE18B10014D531 /* onboarding.swift */ = {isa = PBXFileReference; lastKnownFileType = sourcecode.swift; path = onboarding.swift; sourceTree = "<group>"; };
		863C0DF02CCE18C80014D531 /* Login or Signup.swift */ = {isa = PBXFileReference; lastKnownFileType = sourcecode.swift; path = "Login or Signup.swift"; sourceTree = "<group>"; };
		863C0DF22CCE18DD0014D531 /* Login Via Email.swift */ = {isa = PBXFileReference; lastKnownFileType = sourcecode.swift; path = "Login Via Email.swift"; sourceTree = "<group>"; };
		863C0DF42CCE18F50014D531 /* Signup Via Email.swift */ = {isa = PBXFileReference; lastKnownFileType = sourcecode.swift; path = "Signup Via Email.swift"; sourceTree = "<group>"; };
		863C0DF62CCE190F0014D531 /* Forgot Password Step 1.swift */ = {isa = PBXFileReference; lastKnownFileType = sourcecode.swift; path = "Forgot Password Step 1.swift"; sourceTree = "<group>"; };
		863C0DF82CCE19190014D531 /* Forgot Password Step 2.swift */ = {isa = PBXFileReference; lastKnownFileType = sourcecode.swift; path = "Forgot Password Step 2.swift"; sourceTree = "<group>"; };
		863C0DFA2CCE19280014D531 /* Forgot Password Step 3.swift */ = {isa = PBXFileReference; lastKnownFileType = sourcecode.swift; path = "Forgot Password Step 3.swift"; sourceTree = "<group>"; };
		863C0DFC2CCE19320014D531 /* Forgot Password Step 4.swift */ = {isa = PBXFileReference; lastKnownFileType = sourcecode.swift; path = "Forgot Password Step 4.swift"; sourceTree = "<group>"; };
		863C0DFE2CCE193F0014D531 /* Forgot Password Step 5.swift */ = {isa = PBXFileReference; lastKnownFileType = sourcecode.swift; path = "Forgot Password Step 5.swift"; sourceTree = "<group>"; };
		863C0E002CCE19560014D531 /* Home.swift */ = {isa = PBXFileReference; lastKnownFileType = sourcecode.swift; path = Home.swift; sourceTree = "<group>"; };
		863C0E022CCE19740014D531 /* Product Page.swift */ = {isa = PBXFileReference; lastKnownFileType = sourcecode.swift; path = "Product Page.swift"; sourceTree = "<group>"; };
		863C0E042CCE19870014D531 /* Settings.swift */ = {isa = PBXFileReference; lastKnownFileType = sourcecode.swift; path = Settings.swift; sourceTree = "<group>"; };
		863C0E062CCE199F0014D531 /* Seller Profile.swift */ = {isa = PBXFileReference; lastKnownFileType = sourcecode.swift; path = "Seller Profile.swift"; sourceTree = "<group>"; };
		863C0E082CCE19BF0014D531 /* Notifications.swift */ = {isa = PBXFileReference; lastKnownFileType = sourcecode.swift; path = Notifications.swift; sourceTree = "<group>"; };
		863C0E0A2CCE19D30014D531 /* Customer Profile.swift */ = {isa = PBXFileReference; lastKnownFileType = sourcecode.swift; path = "Customer Profile.swift"; sourceTree = "<group>"; };
		863C0E0C2CCE19E20014D531 /* Wishlist.swift */ = {isa = PBXFileReference; lastKnownFileType = sourcecode.swift; path = Wishlist.swift; sourceTree = "<group>"; };
/* End PBXFileReference section */

/* Begin PBXFrameworksBuildPhase section */
		863C0DB82CCE13EB0014D531 /* Frameworks */ = {
			isa = PBXFrameworksBuildPhase;
			buildActionMask = 2147483647;
			files = (
			);
			runOnlyForDeploymentPostprocessing = 0;
		};
		863C0DC82CCE13EC0014D531 /* Frameworks */ = {
			isa = PBXFrameworksBuildPhase;
			buildActionMask = 2147483647;
			files = (
			);
			runOnlyForDeploymentPostprocessing = 0;
		};
		863C0DD22CCE13EC0014D531 /* Frameworks */ = {
			isa = PBXFrameworksBuildPhase;
			buildActionMask = 2147483647;
			files = (
			);
			runOnlyForDeploymentPostprocessing = 0;
		};
/* End PBXFrameworksBuildPhase section */

/* Begin PBXGroup section */
		863C0DB22CCE13EB0014D531 = {
			isa = PBXGroup;
			children = (
				863C0DBD2CCE13EB0014D531 /* searchly */,
				863C0DCE2CCE13EC0014D531 /* searchlyTests */,
				863C0DD82CCE13EC0014D531 /* searchlyUITests */,
				863C0DBC2CCE13EB0014D531 /* Products */,
			);
			sourceTree = "<group>";
		};
		863C0DBC2CCE13EB0014D531 /* Products */ = {
			isa = PBXGroup;
			children = (
				863C0DBB2CCE13EB0014D531 /* searchly.app */,
				863C0DCB2CCE13EC0014D531 /* searchlyTests.xctest */,
				863C0DD52CCE13EC0014D531 /* searchlyUITests.xctest */,
			);
			name = Products;
			sourceTree = "<group>";
		};
		863C0DBD2CCE13EB0014D531 /* searchly */ = {
			isa = PBXGroup;
			children = (
				863C0DBE2CCE13EB0014D531 /* searchlyApp.swift */,
				863C0DC02CCE13EB0014D531 /* ContentView.swift */,
				863C0DEC2CCE188A0014D531 /* Splash View.swift */,
				863C0DEE2CCE18B10014D531 /* onboarding.swift */,
				863C0DF02CCE18C80014D531 /* Login or Signup.swift */,
				863C0DF22CCE18DD0014D531 /* Login Via Email.swift */,
				863C0DF42CCE18F50014D531 /* Signup Via Email.swift */,
				863C0DF62CCE190F0014D531 /* Forgot Password Step 1.swift */,
				863C0DF82CCE19190014D531 /* Forgot Password Step 2.swift */,
				863C0DFA2CCE19280014D531 /* Forgot Password Step 3.swift */,
				863C0DFC2CCE19320014D531 /* Forgot Password Step 4.swift */,
				863C0DFE2CCE193F0014D531 /* Forgot Password Step 5.swift */,
				863C0E002CCE19560014D531 /* Home.swift */,
				863C0E022CCE19740014D531 /* Product Page.swift */,
				863C0E042CCE19870014D531 /* Settings.swift */,
				863C0E062CCE199F0014D531 /* Seller Profile.swift */,
				863C0E082CCE19BF0014D531 /* Notifications.swift */,
				863C0E0A2CCE19D30014D531 /* Customer Profile.swift */,
				863C0E0C2CCE19E20014D531 /* Wishlist.swift */,
				863C0DC22CCE13EC0014D531 /* Assets.xcassets */,
				863C0DC42CCE13EC0014D531 /* Preview Content */,
			);
			path = searchly;
			sourceTree = "<group>";
		};
		863C0DC42CCE13EC0014D531 /* Preview Content */ = {
			isa = PBXGroup;
			children = (
				863C0DC52CCE13EC0014D531 /* Preview Assets.xcassets */,
			);
			path = "Preview Content";
			sourceTree = "<group>";
		};
		863C0DCE2CCE13EC0014D531 /* searchlyTests */ = {
			isa = PBXGroup;
			children = (
				863C0DCF2CCE13EC0014D531 /* searchlyTests.swift */,
			);
			path = searchlyTests;
			sourceTree = "<group>";
		};
		863C0DD82CCE13EC0014D531 /* searchlyUITests */ = {
			isa = PBXGroup;
			children = (
				863C0DD92CCE13EC0014D531 /* searchlyUITests.swift */,
				863C0DDB2CCE13EC0014D531 /* searchlyUITestsLaunchTests.swift */,
			);
			path = searchlyUITests;
			sourceTree = "<group>";
		};
/* End PBXGroup section */

/* Begin PBXNativeTarget section */
		863C0DBA2CCE13EB0014D531 /* searchly */ = {
			isa = PBXNativeTarget;
			buildConfigurationList = 863C0DDF2CCE13EC0014D531 /* Build configuration list for PBXNativeTarget "searchly" */;
			buildPhases = (
				863C0DB72CCE13EB0014D531 /* Sources */,
				863C0DB82CCE13EB0014D531 /* Frameworks */,
				863C0DB92CCE13EB0014D531 /* Resources */,
			);
			buildRules = (
			);
			dependencies = (
			);
			name = searchly;
			productName = searchly;
			productReference = 863C0DBB2CCE13EB0014D531 /* searchly.app */;
			productType = "com.apple.product-type.application";
		};
		863C0DCA2CCE13EC0014D531 /* searchlyTests */ = {
			isa = PBXNativeTarget;
			buildConfigurationList = 863C0DE22CCE13EC0014D531 /* Build configuration list for PBXNativeTarget "searchlyTests" */;
			buildPhases = (
				863C0DC72CCE13EC0014D531 /* Sources */,
				863C0DC82CCE13EC0014D531 /* Frameworks */,
				863C0DC92CCE13EC0014D531 /* Resources */,
			);
			buildRules = (
			);
			dependencies = (
				863C0DCD2CCE13EC0014D531 /* PBXTargetDependency */,
			);
			name = searchlyTests;
			productName = searchlyTests;
			productReference = 863C0DCB2CCE13EC0014D531 /* searchlyTests.xctest */;
			productType = "com.apple.product-type.bundle.unit-test";
		};
		863C0DD42CCE13EC0014D531 /* searchlyUITests */ = {
			isa = PBXNativeTarget;
			buildConfigurationList = 863C0DE52CCE13EC0014D531 /* Build configuration list for PBXNativeTarget "searchlyUITests" */;
			buildPhases = (
				863C0DD12CCE13EC0014D531 /* Sources */,
				863C0DD22CCE13EC0014D531 /* Frameworks */,
				863C0DD32CCE13EC0014D531 /* Resources */,
			);
			buildRules = (
			);
			dependencies = (
				863C0DD72CCE13EC0014D531 /* PBXTargetDependency */,
			);
			name = searchlyUITests;
			productName = searchlyUITests;
			productReference = 863C0DD52CCE13EC0014D531 /* searchlyUITests.xctest */;
			productType = "com.apple.product-type.bundle.ui-testing";
		};
/* End PBXNativeTarget section */

/* Begin PBXProject section */
		863C0DB32CCE13EB0014D531 /* Project object */ = {
			isa = PBXProject;
			attributes = {
				BuildIndependentTargetsInParallel = 1;
				LastSwiftUpdateCheck = 1520;
				LastUpgradeCheck = 1520;
				TargetAttributes = {
					863C0DBA2CCE13EB0014D531 = {
						CreatedOnToolsVersion = 15.2;
					};
					863C0DCA2CCE13EC0014D531 = {
						CreatedOnToolsVersion = 15.2;
						TestTargetID = 863C0DBA2CCE13EB0014D531;
					};
					863C0DD42CCE13EC0014D531 = {
						CreatedOnToolsVersion = 15.2;
						TestTargetID = 863C0DBA2CCE13EB0014D531;
					};
				};
			};
			buildConfigurationList = 863C0DB62CCE13EB0014D531 /* Build configuration list for PBXProject "searchly" */;
			compatibilityVersion = "Xcode 14.0";
			developmentRegion = en;
			hasScannedForEncodings = 0;
			knownRegions = (
				en,
				Base,
			);
			mainGroup = 863C0DB22CCE13EB0014D531;
			productRefGroup = 863C0DBC2CCE13EB0014D531 /* Products */;
			projectDirPath = "";
			projectRoot = "";
			targets = (
				863C0DBA2CCE13EB0014D531 /* searchly */,
				863C0DCA2CCE13EC0014D531 /* searchlyTests */,
				863C0DD42CCE13EC0014D531 /* searchlyUITests */,
			);
		};
/* End PBXProject section */

/* Begin PBXResourcesBuildPhase section */
		863C0DB92CCE13EB0014D531 /* Resources */ = {
			isa = PBXResourcesBuildPhase;
			buildActionMask = 2147483647;
			files = (
				863C0DC62CCE13EC0014D531 /* Preview Assets.xcassets in Resources */,
				863C0DC32CCE13EC0014D531 /* Assets.xcassets in Resources */,
			);
			runOnlyForDeploymentPostprocessing = 0;
		};
		863C0DC92CCE13EC0014D531 /* Resources */ = {
			isa = PBXResourcesBuildPhase;
			buildActionMask = 2147483647;
			files = (
			);
			runOnlyForDeploymentPostprocessing = 0;
		};
		863C0DD32CCE13EC0014D531 /* Resources */ = {
			isa = PBXResourcesBuildPhase;
			buildActionMask = 2147483647;
			files = (
			);
			runOnlyForDeploymentPostprocessing = 0;
		};
/* End PBXResourcesBuildPhase section */

/* Begin PBXSourcesBuildPhase section */
		863C0DB72CCE13EB0014D531 /* Sources */ = {
			isa = PBXSourcesBuildPhase;
			buildActionMask = 2147483647;
			files = (
				863C0DFF2CCE193F0014D531 /* Forgot Password Step 5.swift in Sources */,
				863C0DF72CCE190F0014D531 /* Forgot Password Step 1.swift in Sources */,
				863C0DF52CCE18F50014D531 /* Signup Via Email.swift in Sources */,
				863C0DFD2CCE19320014D531 /* Forgot Password Step 4.swift in Sources */,
				863C0DF12CCE18C80014D531 /* Login or Signup.swift in Sources */,
				863C0DED2CCE188A0014D531 /* Splash View.swift in Sources */,
				863C0E012CCE19560014D531 /* Home.swift in Sources */,
				863C0E072CCE199F0014D531 /* Seller Profile.swift in Sources */,
				863C0DC12CCE13EB0014D531 /* ContentView.swift in Sources */,
				863C0DF92CCE19190014D531 /* Forgot Password Step 2.swift in Sources */,
				863C0E0B2CCE19D30014D531 /* Customer Profile.swift in Sources */,
				863C0E052CCE19870014D531 /* Settings.swift in Sources */,
				863C0DF32CCE18DD0014D531 /* Login Via Email.swift in Sources */,
				863C0DEF2CCE18B10014D531 /* onboarding.swift in Sources */,
				863C0E0D2CCE19E20014D531 /* Wishlist.swift in Sources */,
				863C0E092CCE19BF0014D531 /* Notifications.swift in Sources */,
				863C0E032CCE19740014D531 /* Product Page.swift in Sources */,
				863C0DFB2CCE19280014D531 /* Forgot Password Step 3.swift in Sources */,
				863C0DBF2CCE13EB0014D531 /* searchlyApp.swift in Sources */,
			);
			runOnlyForDeploymentPostprocessing = 0;
		};
		863C0DC72CCE13EC0014D531 /* Sources */ = {
			isa = PBXSourcesBuildPhase;
			buildActionMask = 2147483647;
			files = (
				863C0DD02CCE13EC0014D531 /* searchlyTests.swift in Sources */,
			);
			runOnlyForDeploymentPostprocessing = 0;
		};
		863C0DD12CCE13EC0014D531 /* Sources */ = {
			isa = PBXSourcesBuildPhase;
			buildActionMask = 2147483647;
			files = (
				863C0DDC2CCE13EC0014D531 /* searchlyUITestsLaunchTests.swift in Sources */,
				863C0DDA2CCE13EC0014D531 /* searchlyUITests.swift in Sources */,
			);
			runOnlyForDeploymentPostprocessing = 0;
		};
/* End PBXSourcesBuildPhase section */

/* Begin PBXTargetDependency section */
		863C0DCD2CCE13EC0014D531 /* PBXTargetDependency */ = {
			isa = PBXTargetDependency;
			target = 863C0DBA2CCE13EB0014D531 /* searchly */;
			targetProxy = 863C0DCC2CCE13EC0014D531 /* PBXContainerItemProxy */;
		};
		863C0DD72CCE13EC0014D531 /* PBXTargetDependency */ = {
			isa = PBXTargetDependency;
			target = 863C0DBA2CCE13EB0014D531 /* searchly */;
			targetProxy = 863C0DD62CCE13EC0014D531 /* PBXContainerItemProxy */;
		};
/* End PBXTargetDependency section */

/* Begin XCBuildConfiguration section */
		863C0DDD2CCE13EC0014D531 /* Debug */ = {
			isa = XCBuildConfiguration;
			buildSettings = {
				ALWAYS_SEARCH_USER_PATHS = NO;
				ASSETCATALOG_COMPILER_GENERATE_SWIFT_ASSET_SYMBOL_EXTENSIONS = YES;
				CLANG_ANALYZER_NONNULL = YES;
				CLANG_ANALYZER_NUMBER_OBJECT_CONVERSION = YES_AGGRESSIVE;
				CLANG_CXX_LANGUAGE_STANDARD = "gnu++20";
				CLANG_ENABLE_MODULES = YES;
				CLANG_ENABLE_OBJC_ARC = YES;
				CLANG_ENABLE_OBJC_WEAK = YES;
				CLANG_WARN_BLOCK_CAPTURE_AUTORELEASING = YES;
				CLANG_WARN_BOOL_CONVERSION = YES;
				CLANG_WARN_COMMA = YES;
				CLANG_WARN_CONSTANT_CONVERSION = YES;
				CLANG_WARN_DEPRECATED_OBJC_IMPLEMENTATIONS = YES;
				CLANG_WARN_DIRECT_OBJC_ISA_USAGE = YES_ERROR;
				CLANG_WARN_DOCUMENTATION_COMMENTS = YES;
				CLANG_WARN_EMPTY_BODY = YES;
				CLANG_WARN_ENUM_CONVERSION = YES;
				CLANG_WARN_INFINITE_RECURSION = YES;
				CLANG_WARN_INT_CONVERSION = YES;
				CLANG_WARN_NON_LITERAL_NULL_CONVERSION = YES;
				CLANG_WARN_OBJC_IMPLICIT_RETAIN_SELF = YES;
				CLANG_WARN_OBJC_LITERAL_CONVERSION = YES;
				CLANG_WARN_OBJC_ROOT_CLASS = YES_ERROR;
				CLANG_WARN_QUOTED_INCLUDE_IN_FRAMEWORK_HEADER = YES;
				CLANG_WARN_RANGE_LOOP_ANALYSIS = YES;
				CLANG_WARN_STRICT_PROTOTYPES = YES;
				CLANG_WARN_SUSPICIOUS_MOVE = YES;
				CLANG_WARN_UNGUARDED_AVAILABILITY = YES_AGGRESSIVE;
				CLANG_WARN_UNREACHABLE_CODE = YES;
				CLANG_WARN__DUPLICATE_METHOD_MATCH = YES;
				COPY_PHASE_STRIP = NO;
				DEBUG_INFORMATION_FORMAT = dwarf;
				ENABLE_STRICT_OBJC_MSGSEND = YES;
				ENABLE_TESTABILITY = YES;
				ENABLE_USER_SCRIPT_SANDBOXING = YES;
				GCC_C_LANGUAGE_STANDARD = gnu17;
				GCC_DYNAMIC_NO_PIC = NO;
				GCC_NO_COMMON_BLOCKS = YES;
				GCC_OPTIMIZATION_LEVEL = 0;
				GCC_PREPROCESSOR_DEFINITIONS = (
					"DEBUG=1",
					"$(inherited)",
				);
				GCC_WARN_64_TO_32_BIT_CONVERSION = YES;
				GCC_WARN_ABOUT_RETURN_TYPE = YES_ERROR;
				GCC_WARN_UNDECLARED_SELECTOR = YES;
				GCC_WARN_UNINITIALIZED_AUTOS = YES_AGGRESSIVE;
				GCC_WARN_UNUSED_FUNCTION = YES;
				GCC_WARN_UNUSED_VARIABLE = YES;
				IPHONEOS_DEPLOYMENT_TARGET = 17.2;
				LOCALIZATION_PREFERS_STRING_CATALOGS = YES;
				MTL_ENABLE_DEBUG_INFO = INCLUDE_SOURCE;
				MTL_FAST_MATH = YES;
				ONLY_ACTIVE_ARCH = YES;
				SDKROOT = iphoneos;
				SWIFT_ACTIVE_COMPILATION_CONDITIONS = "DEBUG $(inherited)";
				SWIFT_OPTIMIZATION_LEVEL = "-Onone";
			};
			name = Debug;
		};
		863C0DDE2CCE13EC0014D531 /* Release */ = {
			isa = XCBuildConfiguration;
			buildSettings = {
				ALWAYS_SEARCH_USER_PATHS = NO;
				ASSETCATALOG_COMPILER_GENERATE_SWIFT_ASSET_SYMBOL_EXTENSIONS = YES;
				CLANG_ANALYZER_NONNULL = YES;
				CLANG_ANALYZER_NUMBER_OBJECT_CONVERSION = YES_AGGRESSIVE;
				CLANG_CXX_LANGUAGE_STANDARD = "gnu++20";
				CLANG_ENABLE_MODULES = YES;
				CLANG_ENABLE_OBJC_ARC = YES;
				CLANG_ENABLE_OBJC_WEAK = YES;
				CLANG_WARN_BLOCK_CAPTURE_AUTORELEASING = YES;
				CLANG_WARN_BOOL_CONVERSION = YES;
				CLANG_WARN_COMMA = YES;
				CLANG_WARN_CONSTANT_CONVERSION = YES;
				CLANG_WARN_DEPRECATED_OBJC_IMPLEMENTATIONS = YES;
				CLANG_WARN_DIRECT_OBJC_ISA_USAGE = YES_ERROR;
				CLANG_WARN_DOCUMENTATION_COMMENTS = YES;
				CLANG_WARN_EMPTY_BODY = YES;
				CLANG_WARN_ENUM_CONVERSION = YES;
				CLANG_WARN_INFINITE_RECURSION = YES;
				CLANG_WARN_INT_CONVERSION = YES;
				CLANG_WARN_NON_LITERAL_NULL_CONVERSION = YES;
				CLANG_WARN_OBJC_IMPLICIT_RETAIN_SELF = YES;
				CLANG_WARN_OBJC_LITERAL_CONVERSION = YES;
				CLANG_WARN_OBJC_ROOT_CLASS = YES_ERROR;
				CLANG_WARN_QUOTED_INCLUDE_IN_FRAMEWORK_HEADER = YES;
				CLANG_WARN_RANGE_LOOP_ANALYSIS = YES;
				CLANG_WARN_STRICT_PROTOTYPES = YES;
				CLANG_WARN_SUSPICIOUS_MOVE = YES;
				CLANG_WARN_UNGUARDED_AVAILABILITY = YES_AGGRESSIVE;
				CLANG_WARN_UNREACHABLE_CODE = YES;
				CLANG_WARN__DUPLICATE_METHOD_MATCH = YES;
				COPY_PHASE_STRIP = NO;
				DEBUG_INFORMATION_FORMAT = "dwarf-with-dsym";
				ENABLE_NS_ASSERTIONS = NO;
				ENABLE_STRICT_OBJC_MSGSEND = YES;
				ENABLE_USER_SCRIPT_SANDBOXING = YES;
				GCC_C_LANGUAGE_STANDARD = gnu17;
				GCC_NO_COMMON_BLOCKS = YES;
				GCC_WARN_64_TO_32_BIT_CONVERSION = YES;
				GCC_WARN_ABOUT_RETURN_TYPE = YES_ERROR;
				GCC_WARN_UNDECLARED_SELECTOR = YES;
				GCC_WARN_UNINITIALIZED_AUTOS = YES_AGGRESSIVE;
				GCC_WARN_UNUSED_FUNCTION = YES;
				GCC_WARN_UNUSED_VARIABLE = YES;
				IPHONEOS_DEPLOYMENT_TARGET = 17.2;
				LOCALIZATION_PREFERS_STRING_CATALOGS = YES;
				MTL_ENABLE_DEBUG_INFO = NO;
				MTL_FAST_MATH = YES;
				SDKROOT = iphoneos;
				SWIFT_COMPILATION_MODE = wholemodule;
				VALIDATE_PRODUCT = YES;
			};
			name = Release;
		};
		863C0DE02CCE13EC0014D531 /* Debug */ = {
			isa = XCBuildConfiguration;
			buildSettings = {
				ASSETCATALOG_COMPILER_APPICON_NAME = AppIcon;
				ASSETCATALOG_COMPILER_GLOBAL_ACCENT_COLOR_NAME = AccentColor;
				CODE_SIGN_STYLE = Automatic;
				CURRENT_PROJECT_VERSION = 1;
				DEVELOPMENT_ASSET_PATHS = "\"searchly/Preview Content\"";
				ENABLE_PREVIEWS = YES;
				GENERATE_INFOPLIST_FILE = YES;
				INFOPLIST_KEY_UIApplicationSceneManifest_Generation = YES;
				INFOPLIST_KEY_UIApplicationSupportsIndirectInputEvents = YES;
				INFOPLIST_KEY_UILaunchScreen_Generation = YES;
				INFOPLIST_KEY_UISupportedInterfaceOrientations_iPad = "UIInterfaceOrientationPortrait UIInterfaceOrientationPortraitUpsideDown UIInterfaceOrientationLandscapeLeft UIInterfaceOrientationLandscapeRight";
				INFOPLIST_KEY_UISupportedInterfaceOrientations_iPhone = "UIInterfaceOrientationPortrait UIInterfaceOrientationLandscapeLeft UIInterfaceOrientationLandscapeRight";
				LD_RUNPATH_SEARCH_PATHS = (
					"$(inherited)",
					"@executable_path/Frameworks",
				);
				MARKETING_VERSION = 1.0;
				PRODUCT_BUNDLE_IDENTIFIER = haritha.searchly;
				PRODUCT_NAME = "$(TARGET_NAME)";
				SWIFT_EMIT_LOC_STRINGS = YES;
				SWIFT_VERSION = 5.0;
				TARGETED_DEVICE_FAMILY = "1,2";
			};
			name = Debug;
		};
		863C0DE12CCE13EC0014D531 /* Release */ = {
			isa = XCBuildConfiguration;
			buildSettings = {
				ASSETCATALOG_COMPILER_APPICON_NAME = AppIcon;
				ASSETCATALOG_COMPILER_GLOBAL_ACCENT_COLOR_NAME = AccentColor;
				CODE_SIGN_STYLE = Automatic;
				CURRENT_PROJECT_VERSION = 1;
				DEVELOPMENT_ASSET_PATHS = "\"searchly/Preview Content\"";
				ENABLE_PREVIEWS = YES;
				GENERATE_INFOPLIST_FILE = YES;
				INFOPLIST_KEY_UIApplicationSceneManifest_Generation = YES;
				INFOPLIST_KEY_UIApplicationSupportsIndirectInputEvents = YES;
				INFOPLIST_KEY_UILaunchScreen_Generation = YES;
				INFOPLIST_KEY_UISupportedInterfaceOrientations_iPad = "UIInterfaceOrientationPortrait UIInterfaceOrientationPortraitUpsideDown UIInterfaceOrientationLandscapeLeft UIInterfaceOrientationLandscapeRight";
				INFOPLIST_KEY_UISupportedInterfaceOrientations_iPhone = "UIInterfaceOrientationPortrait UIInterfaceOrientationLandscapeLeft UIInterfaceOrientationLandscapeRight";
				LD_RUNPATH_SEARCH_PATHS = (
					"$(inherited)",
					"@executable_path/Frameworks",
				);
				MARKETING_VERSION = 1.0;
				PRODUCT_BUNDLE_IDENTIFIER = haritha.searchly;
				PRODUCT_NAME = "$(TARGET_NAME)";
				SWIFT_EMIT_LOC_STRINGS = YES;
				SWIFT_VERSION = 5.0;
				TARGETED_DEVICE_FAMILY = "1,2";
			};
			name = Release;
		};
		863C0DE32CCE13EC0014D531 /* Debug */ = {
			isa = XCBuildConfiguration;
			buildSettings = {
				ALWAYS_EMBED_SWIFT_STANDARD_LIBRARIES = YES;
				BUNDLE_LOADER = "$(TEST_HOST)";
				CODE_SIGN_STYLE = Automatic;
				CURRENT_PROJECT_VERSION = 1;
				GENERATE_INFOPLIST_FILE = YES;
				IPHONEOS_DEPLOYMENT_TARGET = 17.2;
				MARKETING_VERSION = 1.0;
				PRODUCT_BUNDLE_IDENTIFIER = haritha.searchlyTests;
				PRODUCT_NAME = "$(TARGET_NAME)";
				SWIFT_EMIT_LOC_STRINGS = NO;
				SWIFT_VERSION = 5.0;
				TARGETED_DEVICE_FAMILY = "1,2";
				TEST_HOST = "$(BUILT_PRODUCTS_DIR)/searchly.app/$(BUNDLE_EXECUTABLE_FOLDER_PATH)/searchly";
			};
			name = Debug;
		};
		863C0DE42CCE13EC0014D531 /* Release */ = {
			isa = XCBuildConfiguration;
			buildSettings = {
				ALWAYS_EMBED_SWIFT_STANDARD_LIBRARIES = YES;
				BUNDLE_LOADER = "$(TEST_HOST)";
				CODE_SIGN_STYLE = Automatic;
				CURRENT_PROJECT_VERSION = 1;
				GENERATE_INFOPLIST_FILE = YES;
				IPHONEOS_DEPLOYMENT_TARGET = 17.2;
				MARKETING_VERSION = 1.0;
				PRODUCT_BUNDLE_IDENTIFIER = haritha.searchlyTests;
				PRODUCT_NAME = "$(TARGET_NAME)";
				SWIFT_EMIT_LOC_STRINGS = NO;
				SWIFT_VERSION = 5.0;
				TARGETED_DEVICE_FAMILY = "1,2";
				TEST_HOST = "$(BUILT_PRODUCTS_DIR)/searchly.app/$(BUNDLE_EXECUTABLE_FOLDER_PATH)/searchly";
			};
			name = Release;
		};
		863C0DE62CCE13EC0014D531 /* Debug */ = {
			isa = XCBuildConfiguration;
			buildSettings = {
				ALWAYS_EMBED_SWIFT_STANDARD_LIBRARIES = YES;
				CODE_SIGN_STYLE = Automatic;
				CURRENT_PROJECT_VERSION = 1;
				GENERATE_INFOPLIST_FILE = YES;
				MARKETING_VERSION = 1.0;
				PRODUCT_BUNDLE_IDENTIFIER = haritha.searchlyUITests;
				PRODUCT_NAME = "$(TARGET_NAME)";
				SWIFT_EMIT_LOC_STRINGS = NO;
				SWIFT_VERSION = 5.0;
				TARGETED_DEVICE_FAMILY = "1,2";
				TEST_TARGET_NAME = searchly;
			};
			name = Debug;
		};
		863C0DE72CCE13EC0014D531 /* Release */ = {
			isa = XCBuildConfiguration;
			buildSettings = {
				ALWAYS_EMBED_SWIFT_STANDARD_LIBRARIES = YES;
				CODE_SIGN_STYLE = Automatic;
				CURRENT_PROJECT_VERSION = 1;
				GENERATE_INFOPLIST_FILE = YES;
				MARKETING_VERSION = 1.0;
				PRODUCT_BUNDLE_IDENTIFIER = haritha.searchlyUITests;
				PRODUCT_NAME = "$(TARGET_NAME)";
				SWIFT_EMIT_LOC_STRINGS = NO;
				SWIFT_VERSION = 5.0;
				TARGETED_DEVICE_FAMILY = "1,2";
				TEST_TARGET_NAME = searchly;
			};
			name = Release;
		};
/* End XCBuildConfiguration section */

/* Begin XCConfigurationList section */
		863C0DB62CCE13EB0014D531 /* Build configuration list for PBXProject "searchly" */ = {
			isa = XCConfigurationList;
			buildConfigurations = (
				863C0DDD2CCE13EC0014D531 /* Debug */,
				863C0DDE2CCE13EC0014D531 /* Release */,
			);
			defaultConfigurationIsVisible = 0;
			defaultConfigurationName = Release;
		};
		863C0DDF2CCE13EC0014D531 /* Build configuration list for PBXNativeTarget "searchly" */ = {
			isa = XCConfigurationList;
			buildConfigurations = (
				863C0DE02CCE13EC0014D531 /* Debug */,
				863C0DE12CCE13EC0014D531 /* Release */,
			);
			defaultConfigurationIsVisible = 0;
			defaultConfigurationName = Release;
		};
		863C0DE22CCE13EC0014D531 /* Build configuration list for PBXNativeTarget "searchlyTests" */ = {
			isa = XCConfigurationList;
			buildConfigurations = (
				863C0DE32CCE13EC0014D531 /* Debug */,
				863C0DE42CCE13EC0014D531 /* Release */,
			);
			defaultConfigurationIsVisible = 0;
			defaultConfigurationName = Release;
		};
		863C0DE52CCE13EC0014D531 /* Build configuration list for PBXNativeTarget "searchlyUITests" */ = {
			isa = XCConfigurationList;
			buildConfigurations = (
				863C0DE62CCE13EC0014D531 /* Debug */,
				863C0DE72CCE13EC0014D531 /* Release */,
			);
			defaultConfigurationIsVisible = 0;
			defaultConfigurationName = Release;
		};
/* End XCConfigurationList section */
	};
	rootObject = 863C0DB32CCE13EB0014D531 /* Project object */;
}
